PODS:
  - Realm (3.16.1):
    - Realm/Headers (= 3.16.1)
  - Realm/Headers (3.16.1)
  - RealmPersistable (0.1.0):
    - RealmSwift
  - RealmSwift (3.16.1):
    - Realm (= 3.16.1)

DEPENDENCIES:
  - RealmPersistable (from `../`)

SPEC REPOS:
  https://github.com/cocoapods/specs.git:
    - Realm
    - RealmSwift

EXTERNAL SOURCES:
  RealmPersistable:
    :path: "../"

SPEC CHECKSUMS:
  Realm: 601cacc51d8be3b17a377ef787be0f6ee0e76cf1
  RealmPersistable: 5367f60c6ba2ac0fcb7dbe36c5cc66af09588125
  RealmSwift: 486f2e09d5a8ccff63ed66e48d0846b111deb5e5

PODFILE CHECKSUM: 15cd7052eed493611e974a0d7001b1be6b049ba1

COCOAPODS: 1.6.1
